
Microsoft Visual Studio Solution File, Format Version 12.00
# Visual Studio 15
VisualStudioVersion = 15.0.28307.421
MinimumVisualStudioVersion = 10.0.40219.1
Project("{FAE04EC0-301F-11D3-BF4B-00C04F79EFBC}") = "Lobster.Home.Dependency.InjectableAttributes", "Lobster.Home.Dependency.InjectableAttributes\Lobster.Home.Dependency.InjectableAttributes.csproj", "{4EEE8528-3567-41F9-9D37-F2DF2D3FC65B}"
EndProject
Project("{FAE04EC0-301F-11D3-BF4B-00C04F79EFBC}") = "Lobster.Home.DIA.Tests", "Lobster.Home.DIA.Tests\Lobster.Home.DIA.Tests.csproj", "{92FFA7AE-8731-44B6-B7A1-EB5515706780}"
EndProject
Global
	GlobalSection(SolutionConfigurationPlatforms) = preSolution
		Debug|Any CPU = Debug|Any CPU
		Release|Any CPU = Release|Any CPU
	EndGlobalSection
	GlobalSection(ProjectConfigurationPlatforms) = postSolution
		{4EEE8528-3567-41F9-9D37-F2DF2D3FC65B}.Debug|Any CPU.ActiveCfg = Debug|Any CPU
		{4EEE8528-3567-41F9-9D37-F2DF2D3FC65B}.Debug|Any CPU.Build.0 = Debug|Any CPU
		{4EEE8528-3567-41F9-9D37-F2DF2D3FC65B}.Release|Any CPU.ActiveCfg = Release|Any CPU
		{4EEE8528-3567-41F9-9D37-F2DF2D3FC65B}.Release|Any CPU.Build.0 = Release|Any CPU
		{92FFA7AE-8731-44B6-B7A1-EB5515706780}.Debug|Any CPU.ActiveCfg = Debug|Any CPU
		{92FFA7AE-8731-44B6-B7A1-EB5515706780}.Debug|Any CPU.Build.0 = Debug|Any CPU
		{92FFA7AE-8731-44B6-B7A1-EB5515706780}.Release|Any CPU.ActiveCfg = Release|Any CPU
		{92FFA7AE-8731-44B6-B7A1-EB5515706780}.Release|Any CPU.Build.0 = Release|Any CPU
	EndGlobalSection
	GlobalSection(SolutionProperties) = preSolution
		HideSolutionNode = FALSE
	EndGlobalSection
	GlobalSection(ExtensibilityGlobals) = postSolution
		SolutionGuid = {3F19CEBD-0C4C-45AB-97CE-41DA60FF1075}
	EndGlobalSection
EndGlobal
